
Microsoft Visual Studio Solution File, Format Version 12.00
# Visual Studio 14
VisualStudioVersion = 14.0.24720.0
MinimumVisualStudioVersion = 10.0.40219.1
Project("{FAE04EC0-301F-11D3-BF4B-00C04F79EFBC}") = "Core", "Core\Core.csproj", "{903AA92C-EE84-4F47-A27E-E75913950870}"
EndProject
Project("{FAE04EC0-301F-11D3-BF4B-00C04F79EFBC}") = "Host", "Host\Host.csproj", "{C58BC800-EEBF-457A-BC51-723FFB0D2494}"
EndProject
Project("{FAE04EC0-301F-11D3-BF4B-00C04F79EFBC}") = "Core.Tests", "Core.Tests\Core.Tests.csproj", "{915BED17-A42D-4718-8356-8B8036A016A7}"
EndProject
Project("{2150E333-8FDC-42A3-9474-1A3956D46DE8}") = ".nuget", ".nuget", "{A65AE58E-68F7-481F-B044-E292F3FFFA2C}"
	ProjectSection(SolutionItems) = preProject
		.nuget\packages.config = .nuget\packages.config
	EndProjectSection
EndProject
Global
	GlobalSection(SolutionConfigurationPlatforms) = preSolution
		Debug|Any CPU = Debug|Any CPU
		Release|Any CPU = Release|Any CPU
	EndGlobalSection
	GlobalSection(ProjectConfigurationPlatforms) = postSolution
		{903AA92C-EE84-4F47-A27E-E75913950870}.Debug|Any CPU.ActiveCfg = Debug|Any CPU
		{903AA92C-EE84-4F47-A27E-E75913950870}.Debug|Any CPU.Build.0 = Debug|Any CPU
		{903AA92C-EE84-4F47-A27E-E75913950870}.Release|Any CPU.ActiveCfg = Release|Any CPU
		{903AA92C-EE84-4F47-A27E-E75913950870}.Release|Any CPU.Build.0 = Release|Any CPU
		{C58BC800-EEBF-457A-BC51-723FFB0D2494}.Debug|Any CPU.ActiveCfg = Debug|Any CPU
		{C58BC800-EEBF-457A-BC51-723FFB0D2494}.Debug|Any CPU.Build.0 = Debug|Any CPU
		{C58BC800-EEBF-457A-BC51-723FFB0D2494}.Release|Any CPU.ActiveCfg = Release|Any CPU
		{C58BC800-EEBF-457A-BC51-723FFB0D2494}.Release|Any CPU.Build.0 = Release|Any CPU
		{915BED17-A42D-4718-8356-8B8036A016A7}.Debug|Any CPU.ActiveCfg = Debug|Any CPU
		{915BED17-A42D-4718-8356-8B8036A016A7}.Debug|Any CPU.Build.0 = Debug|Any CPU
		{915BED17-A42D-4718-8356-8B8036A016A7}.Release|Any CPU.ActiveCfg = Release|Any CPU
		{915BED17-A42D-4718-8356-8B8036A016A7}.Release|Any CPU.Build.0 = Release|Any CPU
	EndGlobalSection
	GlobalSection(SolutionProperties) = preSolution
		HideSolutionNode = FALSE
	EndGlobalSection
EndGlobal
